{
  "name": "com.veryfi.demoapp",
  "version": "1.0.0",
  "lockfileVersion": 2,
  "requires": true,
  "packages": {
    "": {
      "name": "com.veryfi.demoapp",
      "version": "1.0.0",
      "license": "Apache-2.0",
      "devDependencies": {
        "@veryfi/cordova-plugin-veryfi-lens": "^2.2.10",
        "platform": "^1.3.6"
      }
    },
    "node_modules/@veryfi/cordova-plugin-veryfi-lens": {
      "version": "2.2.10",
      "resolved": "https://nexus.veryfi.com/repository/npm/@veryfi/cordova-plugin-veryfi-lens/-/cordova-plugin-veryfi-lens-2.2.10.tgz",
      "integrity": "sha512-mBUdFJyRcJGzt0Nn0ukgjrrwDeoxj+yQ0Mykz0ugQy0dy9ogDATKK8Ku004uJB6E2O55jI9QuN6oxvxNCwJrag==",
      "dev": true,
      "license": "Veryfi, Inc."
    },
    "node_modules/platform": {
      "version": "1.3.6",
      "resolved": "https://registry.npmjs.org/platform/-/platform-1.3.6.tgz",
      "integrity": "sha512-fnWVljUchTro6RiCFvCXBbNhJc2NijN7oIQxbwsyL0buWJPG85v81ehlHI9fXrJsMNgTofEoWIQeClKpgxFLrg==",
      "dev": true
    }
  },
  "dependencies": {
    "@veryfi/cordova-plugin-veryfi-lens": {
      "version": "2.2.10",
      "resolved": "https://nexus.veryfi.com/repository/npm/@veryfi/cordova-plugin-veryfi-lens/-/cordova-plugin-veryfi-lens-2.2.10.tgz",
      "integrity": "sha512-mBUdFJyRcJGzt0Nn0ukgjrrwDeoxj+yQ0Mykz0ugQy0dy9ogDATKK8Ku004uJB6E2O55jI9QuN6oxvxNCwJrag==",
      "dev": true
    },
    "platform": {
      "version": "1.3.6",
      "resolved": "https://registry.npmjs.org/platform/-/platform-1.3.6.tgz",
      "integrity": "sha512-fnWVljUchTro6RiCFvCXBbNhJc2NijN7oIQxbwsyL0buWJPG85v81ehlHI9fXrJsMNgTofEoWIQeClKpgxFLrg==",
      "dev": true
    }
  }
}
